
Microsoft Visual Studio Solution File, Format Version 12.00
# Visual Studio Version 17
VisualStudioVersion = 17.4.33213.308
MinimumVisualStudioVersion = 10.0.40219.1
Project("{FAE04EC0-301F-11D3-BF4B-00C04F79EFBC}") = "hello world", "hello world\hello world.csproj", "{786C8D85-74A7-471D-8B91-934EF9E63EC5}"
EndProject
Global
	GlobalSection(SolutionConfigurationPlatforms) = preSolution
		Debug|Any CPU = Debug|Any CPU
		Release|Any CPU = Release|Any CPU
	EndGlobalSection
	GlobalSection(ProjectConfigurationPlatforms) = postSolution
		{786C8D85-74A7-471D-8B91-934EF9E63EC5}.Debug|Any CPU.ActiveCfg = Debug|Any CPU
		{786C8D85-74A7-471D-8B91-934EF9E63EC5}.Debug|Any CPU.Build.0 = Debug|Any CPU
		{786C8D85-74A7-471D-8B91-934EF9E63EC5}.Release|Any CPU.ActiveCfg = Release|Any CPU
		{786C8D85-74A7-471D-8B91-934EF9E63EC5}.Release|Any CPU.Build.0 = Release|Any CPU
	EndGlobalSection
	GlobalSection(SolutionProperties) = preSolution
		HideSolutionNode = FALSE
	EndGlobalSection
	GlobalSection(ExtensibilityGlobals) = postSolution
		SolutionGuid = {07011A6B-CD3D-4145-8DD7-664A9C5DCADF}
	EndGlobalSection
EndGlobal
